# This file is automatically @generated by Cargo.
# It is not intended for manual editing.
version = 4

[[package]]
name = "mie-app"
version = "0.1.0"
dependencies = [
 "mie-domain",
 "mie-ports",
]

[[package]]
name = "mie-domain"
version = "0.1.0"

[[package]]
name = "mie-ports"
version = "0.1.0"
dependencies = [
 "mie-domain",
]
